
Microsoft Visual Studio Solution File, Format Version 12.00
# Visual Studio Version 17
VisualStudioVersion = 17.6.33723.286
MinimumVisualStudioVersion = 10.0.40219.1
Project("{FAE04EC0-301F-11D3-BF4B-00C04F79EFBC}") = "AppEmergencias", "AppEmergencias.csproj", "{823B1F71-82F6-4166-81D5-D86A2185A26C}"
EndProject
Global
	GlobalSection(SolutionConfigurationPlatforms) = preSolution
		Debug|Any CPU = Debug|Any CPU
		Release|Any CPU = Release|Any CPU
	EndGlobalSection
	GlobalSection(ProjectConfigurationPlatforms) = postSolution
		{823B1F71-82F6-4166-81D5-D86A2185A26C}.Debug|Any CPU.ActiveCfg = Debug|Any CPU
		{823B1F71-82F6-4166-81D5-D86A2185A26C}.Debug|Any CPU.Build.0 = Debug|Any CPU
		{823B1F71-82F6-4166-81D5-D86A2185A26C}.Release|Any CPU.ActiveCfg = Release|Any CPU
		{823B1F71-82F6-4166-81D5-D86A2185A26C}.Release|Any CPU.Build.0 = Release|Any CPU
	EndGlobalSection
	GlobalSection(SolutionProperties) = preSolution
		HideSolutionNode = FALSE
	EndGlobalSection
	GlobalSection(ExtensibilityGlobals) = postSolution
		SolutionGuid = {4D6FA311-D337-46E0-BB33-D26ED2475065}
	EndGlobalSection
EndGlobal
